# THIS IS AN AUTOGENERATED FILE. DO NOT EDIT THIS FILE DIRECTLY.
# yarn lockfile v1


crypto-js@^4.1.1:
  version "4.1.1"
  resolved "https://registry.yarnpkg.com/crypto-js/-/crypto-js-4.1.1.tgz#9e485bcf03521041bd85844786b83fb7619736cf"
  integrity sha512-o2JlM7ydqd3Qk9CA0L4NL6mTzU2sdx96a+oOfPu8Mkl/PK51vSyoi8/rQ8NknZtk44vq15lmhAj9CIAGwgeWKw==

cryptr@^6.1.0:
  version "6.1.0"
  resolved "https://registry.yarnpkg.com/cryptr/-/cryptr-6.1.0.tgz#d53798c4986bab76aaf21cd822107e26eb8af4e5"
  integrity sha512-vJBrDcKAZ/OpMW4EptbGTD2EfNEywh6QtsPDX5kd2u1MNBmTLGC3IlOoRh8Ov7dmZhFfRjUJ07u4eCoJ8+oM9A==

simple-crypto-js@^3.0.1:
  version "3.0.1"
  resolved "https://registry.yarnpkg.com/simple-crypto-js/-/simple-crypto-js-3.0.1.tgz#44049f10fd4709ee4a255e78d065bddef8ff905a"
  integrity sha512-dKhe6jT0WETtXX6NQn9GUTyD6Fp5F9X0ZcUI4XEqZ9dvt4/2h5QxkIl2d+2jH9SXrTBu9m7EsxC8CRaIS8i/dQ==
  dependencies:
    crypto-js "^4.1.1"
